// !$*UTF8*$!
{
	archiveVersion = 1;
	classes = {
	};
	objectVersion = 46;
	objects = {

/* Begin PBXBuildFile section */
		A5A802C91D7E712F009F9121 /* main.m in Sources */ = {isa = PBXBuildFile; fileRef = A5A802C81D7E712F009F9121 /* main.m */; };
		A5A802CC1D7E712F009F9121 /* AppDelegate.m in Sources */ = {isa = PBXBuildFile; fileRef = A5A802CB1D7E712F009F9121 /* AppDelegate.m */; };
		A5A802CF1D7E712F009F9121 /* ViewController.m in Sources */ = {isa = PBXBuildFile; fileRef = A5A802CE1D7E712F009F9121 /* ViewController.m */; };
		A5A802D21D7E712F009F9121 /* Main.storyboard in Resources */ = {isa = PBXBuildFile; fileRef = A5A802D01D7E712F009F9121 /* Main.storyboard */; };
		A5A802D41D7E7130009F9121 /* Assets.xcassets in Resources */ = {isa = PBXBuildFile; fileRef = A5A802D31D7E7130009F9121 /* Assets.xcassets */; };
		A5A802D71D7E7130009F9121 /* LaunchScreen.storyboard in Resources */ = {isa = PBXBuildFile; fileRef = A5A802D51D7E7130009F9121 /* LaunchScreen.storyboard */; };
		A5A802E21D7E7130009F9121 /* TTCoreTextDemoTests.m in Sources */ = {isa = PBXBuildFile; fileRef = A5A802E11D7E7130009F9121 /* TTCoreTextDemoTests.m */; };
		A5A802ED1D7E7130009F9121 /* TTCoreTextDemoUITests.m in Sources */ = {isa = PBXBuildFile; fileRef = A5A802EC1D7E7130009F9121 /* TTCoreTextDemoUITests.m */; };
		A5A802FF1D7E72D1009F9121 /* CTDisplayView.m in Sources */ = {isa = PBXBuildFile; fileRef = A5A802FE1D7E72D1009F9121 /* CTDisplayView.m */; };
/* End PBXBuildFile section */

/* Begin PBXContainerItemProxy section */
		A5A802DE1D7E7130009F9121 /* PBXContainerItemProxy */ = {
			isa = PBXContainerItemProxy;
			containerPortal = A5A802BC1D7E712F009F9121 /* Project object */;
			proxyType = 1;
			remoteGlobalIDString = A5A802C31D7E712F009F9121;
			remoteInfo = TTCoreTextDemo;
		};
		A5A802E91D7E7130009F9121 /* PBXContainerItemProxy */ = {
			isa = PBXContainerItemProxy;
			containerPortal = A5A802BC1D7E712F009F9121 /* Project object */;
			proxyType = 1;
			remoteGlobalIDString = A5A802C31D7E712F009F9121;
			remoteInfo = TTCoreTextDemo;
		};
/* End PBXContainerItemProxy section */

/* Begin PBXFileReference section */
		A5A802C41D7E712F009F9121 /* TTCoreTextDemo.app */ = {isa = PBXFileReference; explicitFileType = wrapper.application; includeInIndex = 0; path = TTCoreTextDemo.app; sourceTree = BUILT_PRODUCTS_DIR; };
		A5A802C81D7E712F009F9121 /* main.m */ = {isa = PBXFileReference; lastKnownFileType = sourcecode.c.objc; path = main.m; sourceTree = "<group>"; };
		A5A802CA1D7E712F009F9121 /* AppDelegate.h */ = {isa = PBXFileReference; lastKnownFileType = sourcecode.c.h; path = AppDelegate.h; sourceTree = "<group>"; };
		A5A802CB1D7E712F009F9121 /* AppDelegate.m */ = {isa = PBXFileReference; lastKnownFileType = sourcecode.c.objc; path = AppDelegate.m; sourceTree = "<group>"; };
		A5A802CD1D7E712F009F9121 /* ViewController.h */ = {isa = PBXFileReference; lastKnownFileType = sourcecode.c.h; path = ViewController.h; sourceTree = "<group>"; };
		A5A802CE1D7E712F009F9121 /* ViewController.m */ = {isa = PBXFileReference; lastKnownFileType = sourcecode.c.objc; path = ViewController.m; sourceTree = "<group>"; };
		A5A802D11D7E712F009F9121 /* Base */ = {isa = PBXFileReference; lastKnownFileType = file.storyboard; name = Base; path = Base.lproj/Main.storyboard; sourceTree = "<group>"; };
		A5A802D31D7E7130009F9121 /* Assets.xcassets */ = {isa = PBXFileReference; lastKnownFileType = folder.assetcatalog; path = Assets.xcassets; sourceTree = "<group>"; };
		A5A802D61D7E7130009F9121 /* Base */ = {isa = PBXFileReference; lastKnownFileType = file.storyboard; name = Base; path = Base.lproj/LaunchScreen.storyboard; sourceTree = "<group>"; };
		A5A802D81D7E7130009F9121 /* Info.plist */ = {isa = PBXFileReference; lastKnownFileType = text.plist.xml; path = Info.plist; sourceTree = "<group>"; };
		A5A802DD1D7E7130009F9121 /* TTCoreTextDemoTests.xctest */ = {isa = PBXFileReference; explicitFileType = wrapper.cfbundle; includeInIndex = 0; path = TTCoreTextDemoTests.xctest; sourceTree = BUILT_PRODUCTS_DIR; };
		A5A802E11D7E7130009F9121 /* TTCoreTextDemoTests.m */ = {isa = PBXFileReference; lastKnownFileType = sourcecode.c.objc; path = TTCoreTextDemoTests.m; sourceTree = "<group>"; };
		A5A802E31D7E7130009F9121 /* Info.plist */ = {isa = PBXFileReference; lastKnownFileType = text.plist.xml; path = Info.plist; sourceTree = "<group>"; };
		A5A802E81D7E7130009F9121 /* TTCoreTextDemoUITests.xctest */ = {isa = PBXFileReference; explicitFileType = wrapper.cfbundle; includeInIndex = 0; path = TTCoreTextDemoUITests.xctest; sourceTree = BUILT_PRODUCTS_DIR; };
		A5A802EC1D7E7130009F9121 /* TTCoreTextDemoUITests.m */ = {isa = PBXFileReference; lastKnownFileType = sourcecode.c.objc; path = TTCoreTextDemoUITests.m; sourceTree = "<group>"; };
		A5A802EE1D7E7130009F9121 /* Info.plist */ = {isa = PBXFileReference; lastKnownFileType = text.plist.xml; path = Info.plist; sourceTree = "<group>"; };
		A5A802FD1D7E72D1009F9121 /* CTDisplayView.h */ = {isa = PBXFileReference; fileEncoding = 4; lastKnownFileType = sourcecode.c.h; path = CTDisplayView.h; sourceTree = "<group>"; };
		A5A802FE1D7E72D1009F9121 /* CTDisplayView.m */ = {isa = PBXFileReference; fileEncoding = 4; lastKnownFileType = sourcecode.c.objc; path = CTDisplayView.m; sourceTree = "<group>"; };
/* End PBXFileReference section */

/* Begin PBXFrameworksBuildPhase section */
		A5A802C11D7E712F009F9121 /* Frameworks */ = {
			isa = PBXFrameworksBuildPhase;
			buildActionMask = 2147483647;
			files = (
			);
			runOnlyForDeploymentPostprocessing = 0;
		};
		A5A802DA1D7E7130009F9121 /* Frameworks */ = {
			isa = PBXFrameworksBuildPhase;
			buildActionMask = 2147483647;
			files = (
			);
			runOnlyForDeploymentPostprocessing = 0;
		};
		A5A802E51D7E7130009F9121 /* Frameworks */ = {
			isa = PBXFrameworksBuildPhase;
			buildActionMask = 2147483647;
			files = (
			);
			runOnlyForDeploymentPostprocessing = 0;
		};
/* End PBXFrameworksBuildPhase section */

/* Begin PBXGroup section */
		A5A802BB1D7E712F009F9121 = {
			isa = PBXGroup;
			children = (
				A5A802C61D7E712F009F9121 /* TTCoreTextDemo */,
				A5A802E01D7E7130009F9121 /* TTCoreTextDemoTests */,
				A5A802EB1D7E7130009F9121 /* TTCoreTextDemoUITests */,
				A5A802C51D7E712F009F9121 /* Products */,
			);
			sourceTree = "<group>";
		};
		A5A802C51D7E712F009F9121 /* Products */ = {
			isa = PBXGroup;
			children = (
				A5A802C41D7E712F009F9121 /* TTCoreTextDemo.app */,
				A5A802DD1D7E7130009F9121 /* TTCoreTextDemoTests.xctest */,
				A5A802E81D7E7130009F9121 /* TTCoreTextDemoUITests.xctest */,
			);
			name = Products;
			sourceTree = "<group>";
		};
		A5A802C61D7E712F009F9121 /* TTCoreTextDemo */ = {
			isa = PBXGroup;
			children = (
				A5A802FD1D7E72D1009F9121 /* CTDisplayView.h */,
				A5A802FE1D7E72D1009F9121 /* CTDisplayView.m */,
				A5A802CA1D7E712F009F9121 /* AppDelegate.h */,
				A5A802CB1D7E712F009F9121 /* AppDelegate.m */,
				A5A802CD1D7E712F009F9121 /* ViewController.h */,
				A5A802CE1D7E712F009F9121 /* ViewController.m */,
				A5A802D01D7E712F009F9121 /* Main.storyboard */,
				A5A802D31D7E7130009F9121 /* Assets.xcassets */,
				A5A802D51D7E7130009F9121 /* LaunchScreen.storyboard */,
				A5A802D81D7E7130009F9121 /* Info.plist */,
				A5A802C71D7E712F009F9121 /* Supporting Files */,
			);
			path = TTCoreTextDemo;
			sourceTree = "<group>";
		};
		A5A802C71D7E712F009F9121 /* Supporting Files */ = {
			isa = PBXGroup;
			children = (
				A5A802C81D7E712F009F9121 /* main.m */,
			);
			name = "Supporting Files";
			sourceTree = "<group>";
		};
		A5A802E01D7E7130009F9121 /* TTCoreTextDemoTests */ = {
			isa = PBXGroup;
			children = (
				A5A802E11D7E7130009F9121 /* TTCoreTextDemoTests.m */,
				A5A802E31D7E7130009F9121 /* Info.plist */,
			);
			path = TTCoreTextDemoTests;
			sourceTree = "<group>";
		};
		A5A802EB1D7E7130009F9121 /* TTCoreTextDemoUITests */ = {
			isa = PBXGroup;
			children = (
				A5A802EC1D7E7130009F9121 /* TTCoreTextDemoUITests.m */,
				A5A802EE1D7E7130009F9121 /* Info.plist */,
			);
			path = TTCoreTextDemoUITests;
			sourceTree = "<group>";
		};
/* End PBXGroup section */

/* Begin PBXNativeTarget section */
		A5A802C31D7E712F009F9121 /* TTCoreTextDemo */ = {
			isa = PBXNativeTarget;
			buildConfigurationList = A5A802F11D7E7130009F9121 /* Build configuration list for PBXNativeTarget "TTCoreTextDemo" */;
			buildPhases = (
				A5A802C01D7E712F009F9121 /* Sources */,
				A5A802C11D7E712F009F9121 /* Frameworks */,
				A5A802C21D7E712F009F9121 /* Resources */,
			);
			buildRules = (
			);
			dependencies = (
			);
			name = TTCoreTextDemo;
			productName = TTCoreTextDemo;
			productReference = A5A802C41D7E712F009F9121 /* TTCoreTextDemo.app */;
			productType = "com.apple.product-type.application";
		};
		A5A802DC1D7E7130009F9121 /* TTCoreTextDemoTests */ = {
			isa = PBXNativeTarget;
			buildConfigurationList = A5A802F41D7E7130009F9121 /* Build configuration list for PBXNativeTarget "TTCoreTextDemoTests" */;
			buildPhases = (
				A5A802D91D7E7130009F9121 /* Sources */,
				A5A802DA1D7E7130009F9121 /* Frameworks */,
				A5A802DB1D7E7130009F9121 /* Resources */,
			);
			buildRules = (
			);
			dependencies = (
				A5A802DF1D7E7130009F9121 /* PBXTargetDependency */,
			);
			name = TTCoreTextDemoTests;
			productName = TTCoreTextDemoTests;
			productReference = A5A802DD1D7E7130009F9121 /* TTCoreTextDemoTests.xctest */;
			productType = "com.apple.product-type.bundle.unit-test";
		};
		A5A802E71D7E7130009F9121 /* TTCoreTextDemoUITests */ = {
			isa = PBXNativeTarget;
			buildConfigurationList = A5A802F71D7E7130009F9121 /* Build configuration list for PBXNativeTarget "TTCoreTextDemoUITests" */;
			buildPhases = (
				A5A802E41D7E7130009F9121 /* Sources */,
				A5A802E51D7E7130009F9121 /* Frameworks */,
				A5A802E61D7E7130009F9121 /* Resources */,
			);
			buildRules = (
			);
			dependencies = (
				A5A802EA1D7E7130009F9121 /* PBXTargetDependency */,
			);
			name = TTCoreTextDemoUITests;
			productName = TTCoreTextDemoUITests;
			productReference = A5A802E81D7E7130009F9121 /* TTCoreTextDemoUITests.xctest */;
			productType = "com.apple.product-type.bundle.ui-testing";
		};
/* End PBXNativeTarget section */

/* Begin PBXProject section */
		A5A802BC1D7E712F009F9121 /* Project object */ = {
			isa = PBXProject;
			attributes = {
				LastUpgradeCheck = 0730;
				ORGANIZATIONNAME = TT;
				TargetAttributes = {
					A5A802C31D7E712F009F9121 = {
						CreatedOnToolsVersion = 7.3.1;
					};
					A5A802DC1D7E7130009F9121 = {
						CreatedOnToolsVersion = 7.3.1;
						TestTargetID = A5A802C31D7E712F009F9121;
					};
					A5A802E71D7E7130009F9121 = {
						CreatedOnToolsVersion = 7.3.1;
						TestTargetID = A5A802C31D7E712F009F9121;
					};
				};
			};
			buildConfigurationList = A5A802BF1D7E712F009F9121 /* Build configuration list for PBXProject "TTCoreTextDemo" */;
			compatibilityVersion = "Xcode 3.2";
			developmentRegion = English;
			hasScannedForEncodings = 0;
			knownRegions = (
				en,
				Base,
			);
			mainGroup = A5A802BB1D7E712F009F9121;
			productRefGroup = A5A802C51D7E712F009F9121 /* Products */;
			projectDirPath = "";
			projectRoot = "";
			targets = (
				A5A802C31D7E712F009F9121 /* TTCoreTextDemo */,
				A5A802DC1D7E7130009F9121 /* TTCoreTextDemoTests */,
				A5A802E71D7E7130009F9121 /* TTCoreTextDemoUITests */,
			);
		};
/* End PBXProject section */

/* Begin PBXResourcesBuildPhase section */
		A5A802C21D7E712F009F9121 /* Resources */ = {
			isa = PBXResourcesBuildPhase;
			buildActionMask = 2147483647;
			files = (
				A5A802D71D7E7130009F9121 /* LaunchScreen.storyboard in Resources */,
				A5A802D41D7E7130009F9121 /* Assets.xcassets in Resources */,
				A5A802D21D7E712F009F9121 /* Main.storyboard in Resources */,
			);
			runOnlyForDeploymentPostprocessing = 0;
		};
		A5A802DB1D7E7130009F9121 /* Resources */ = {
			isa = PBXResourcesBuildPhase;
			buildActionMask = 2147483647;
			files = (
			);
			runOnlyForDeploymentPostprocessing = 0;
		};
		A5A802E61D7E7130009F9121 /* Resources */ = {
			isa = PBXResourcesBuildPhase;
			buildActionMask = 2147483647;
			files = (
			);
			runOnlyForDeploymentPostprocessing = 0;
		};
/* End PBXResourcesBuildPhase section */

/* Begin PBXSourcesBuildPhase section */
		A5A802C01D7E712F009F9121 /* Sources */ = {
			isa = PBXSourcesBuildPhase;
			buildActionMask = 2147483647;
			files = (
				A5A802CF1D7E712F009F9121 /* ViewController.m in Sources */,
				A5A802CC1D7E712F009F9121 /* AppDelegate.m in Sources */,
				A5A802FF1D7E72D1009F9121 /* CTDisplayView.m in Sources */,
				A5A802C91D7E712F009F9121 /* main.m in Sources */,
			);
			runOnlyForDeploymentPostprocessing = 0;
		};
		A5A802D91D7E7130009F9121 /* Sources */ = {
			isa = PBXSourcesBuildPhase;
			buildActionMask = 2147483647;
			files = (
				A5A802E21D7E7130009F9121 /* TTCoreTextDemoTests.m in Sources */,
			);
			runOnlyForDeploymentPostprocessing = 0;
		};
		A5A802E41D7E7130009F9121 /* Sources */ = {
			isa = PBXSourcesBuildPhase;
			buildActionMask = 2147483647;
			files = (
				A5A802ED1D7E7130009F9121 /* TTCoreTextDemoUITests.m in Sources */,
			);
			runOnlyForDeploymentPostprocessing = 0;
		};
/* End PBXSourcesBuildPhase section */

/* Begin PBXTargetDependency section */
		A5A802DF1D7E7130009F9121 /* PBXTargetDependency */ = {
			isa = PBXTargetDependency;
			target = A5A802C31D7E712F009F9121 /* TTCoreTextDemo */;
			targetProxy = A5A802DE1D7E7130009F9121 /* PBXContainerItemProxy */;
		};
		A5A802EA1D7E7130009F9121 /* PBXTargetDependency */ = {
			isa = PBXTargetDependency;
			target = A5A802C31D7E712F009F9121 /* TTCoreTextDemo */;
			targetProxy = A5A802E91D7E7130009F9121 /* PBXContainerItemProxy */;
		};
/* End PBXTargetDependency section */

/* Begin PBXVariantGroup section */
		A5A802D01D7E712F009F9121 /* Main.storyboard */ = {
			isa = PBXVariantGroup;
			children = (
				A5A802D11D7E712F009F9121 /* Base */,
			);
			name = Main.storyboard;
			sourceTree = "<group>";
		};
		A5A802D51D7E7130009F9121 /* LaunchScreen.storyboard */ = {
			isa = PBXVariantGroup;
			children = (
				A5A802D61D7E7130009F9121 /* Base */,
			);
			name = LaunchScreen.storyboard;
			sourceTree = "<group>";
		};
/* End PBXVariantGroup section */

/* Begin XCBuildConfiguration section */
		A5A802EF1D7E7130009F9121 /* Debug */ = {
			isa = XCBuildConfiguration;
			buildSettings = {
				ALWAYS_SEARCH_USER_PATHS = NO;
				CLANG_ANALYZER_NONNULL = YES;
				CLANG_CXX_LANGUAGE_STANDARD = "gnu++0x";
				CLANG_CXX_LIBRARY = "libc++";
				CLANG_ENABLE_MODULES = YES;
				CLANG_ENABLE_OBJC_ARC = YES;
				CLANG_WARN_BOOL_CONVERSION = YES;
				CLANG_WARN_CONSTANT_CONVERSION = YES;
				CLANG_WARN_DIRECT_OBJC_ISA_USAGE = YES_ERROR;
				CLANG_WARN_EMPTY_BODY = YES;
				CLANG_WARN_ENUM_CONVERSION = YES;
				CLANG_WARN_INT_CONVERSION = YES;
				CLANG_WARN_OBJC_ROOT_CLASS = YES_ERROR;
				CLANG_WARN_UNREACHABLE_CODE = YES;
				CLANG_WARN__DUPLICATE_METHOD_MATCH = YES;
				"CODE_SIGN_IDENTITY[sdk=iphoneos*]" = "iPhone Developer";
				COPY_PHASE_STRIP = NO;
				DEBUG_INFORMATION_FORMAT = dwarf;
				ENABLE_STRICT_OBJC_MSGSEND = YES;
				ENABLE_TESTABILITY = YES;
				GCC_C_LANGUAGE_STANDARD = gnu99;
				GCC_DYNAMIC_NO_PIC = NO;
				GCC_NO_COMMON_BLOCKS = YES;
				GCC_OPTIMIZATION_LEVEL = 0;
				GCC_PREPROCESSOR_DEFINITIONS = (
					"DEBUG=1",
					"$(inherited)",
				);
				GCC_WARN_64_TO_32_BIT_CONVERSION = YES;
				GCC_WARN_ABOUT_RETURN_TYPE = YES_ERROR;
				GCC_WARN_UNDECLARED_SELECTOR = YES;
				GCC_WARN_UNINITIALIZED_AUTOS = YES_AGGRESSIVE;
				GCC_WARN_UNUSED_FUNCTION = YES;
				GCC_WARN_UNUSED_VARIABLE = YES;
				IPHONEOS_DEPLOYMENT_TARGET = 9.3;
				MTL_ENABLE_DEBUG_INFO = YES;
				ONLY_ACTIVE_ARCH = YES;
				SDKROOT = iphoneos;
			};
			name = Debug;
		};
		A5A802F01D7E7130009F9121 /* Release */ = {
			isa = XCBuildConfiguration;
			buildSettings = {
				ALWAYS_SEARCH_USER_PATHS = NO;
				CLANG_ANALYZER_NONNULL = YES;
				CLANG_CXX_LANGUAGE_STANDARD = "gnu++0x";
				CLANG_CXX_LIBRARY = "libc++";
				CLANG_ENABLE_MODULES = YES;
				CLANG_ENABLE_OBJC_ARC = YES;
				CLANG_WARN_BOOL_CONVERSION = YES;
				CLANG_WARN_CONSTANT_CONVERSION = YES;
				CLANG_WARN_DIRECT_OBJC_ISA_USAGE = YES_ERROR;
				CLANG_WARN_EMPTY_BODY = YES;
				CLANG_WARN_ENUM_CONVERSION = YES;
				CLANG_WARN_INT_CONVERSION = YES;
				CLANG_WARN_OBJC_ROOT_CLASS = YES_ERROR;
				CLANG_WARN_UNREACHABLE_CODE = YES;
				CLANG_WARN__DUPLICATE_METHOD_MATCH = YES;
				"CODE_SIGN_IDENTITY[sdk=iphoneos*]" = "iPhone Developer";
				COPY_PHASE_STRIP = NO;
				DEBUG_INFORMATION_FORMAT = "dwarf-with-dsym";
				ENABLE_NS_ASSERTIONS = NO;
				ENABLE_STRICT_OBJC_MSGSEND = YES;
				GCC_C_LANGUAGE_STANDARD = gnu99;
				GCC_NO_COMMON_BLOCKS = YES;
				GCC_WARN_64_TO_32_BIT_CONVERSION = YES;
				GCC_WARN_ABOUT_RETURN_TYPE = YES_ERROR;
				GCC_WARN_UNDECLARED_SELECTOR = YES;
				GCC_WARN_UNINITIALIZED_AUTOS = YES_AGGRESSIVE;
				GCC_WARN_UNUSED_FUNCTION = YES;
				GCC_WARN_UNUSED_VARIABLE = YES;
				IPHONEOS_DEPLOYMENT_TARGET = 9.3;
				MTL_ENABLE_DEBUG_INFO = NO;
				SDKROOT = iphoneos;
				VALIDATE_PRODUCT = YES;
			};
			name = Release;
		};
		A5A802F21D7E7130009F9121 /* Debug */ = {
			isa = XCBuildConfiguration;
			buildSettings = {
				ASSETCATALOG_COMPILER_APPICON_NAME = AppIcon;
				INFOPLIST_FILE = TTCoreTextDemo/Info.plist;
				LD_RUNPATH_SEARCH_PATHS = "$(inherited) @executable_path/Frameworks";
				PRODUCT_BUNDLE_IDENTIFIER = TTL.TTCoreTextDemo;
				PRODUCT_NAME = "$(TARGET_NAME)";
			};
			name = Debug;
		};
		A5A802F31D7E7130009F9121 /* Release */ = {
			isa = XCBuildConfiguration;
			buildSettings = {
				ASSETCATALOG_COMPILER_APPICON_NAME = AppIcon;
				INFOPLIST_FILE = TTCoreTextDemo/Info.plist;
				LD_RUNPATH_SEARCH_PATHS = "$(inherited) @executable_path/Frameworks";
				PRODUCT_BUNDLE_IDENTIFIER = TTL.TTCoreTextDemo;
				PRODUCT_NAME = "$(TARGET_NAME)";
			};
			name = Release;
		};
		A5A802F51D7E7130009F9121 /* Debug */ = {
			isa = XCBuildConfiguration;
			buildSettings = {
				BUNDLE_LOADER = "$(TEST_HOST)";
				INFOPLIST_FILE = TTCoreTextDemoTests/Info.plist;
				LD_RUNPATH_SEARCH_PATHS = "$(inherited) @executable_path/Frameworks @loader_path/Frameworks";
				PRODUCT_BUNDLE_IDENTIFIER = TTL.TTCoreTextDemoTests;
				PRODUCT_NAME = "$(TARGET_NAME)";
				TEST_HOST = "$(BUILT_PRODUCTS_DIR)/TTCoreTextDemo.app/TTCoreTextDemo";
			};
			name = Debug;
		};
		A5A802F61D7E7130009F9121 /* Release */ = {
			isa = XCBuildConfiguration;
			buildSettings = {
				BUNDLE_LOADER = "$(TEST_HOST)";
				INFOPLIST_FILE = TTCoreTextDemoTests/Info.plist;
				LD_RUNPATH_SEARCH_PATHS = "$(inherited) @executable_path/Frameworks @loader_path/Frameworks";
				PRODUCT_BUNDLE_IDENTIFIER = TTL.TTCoreTextDemoTests;
				PRODUCT_NAME = "$(TARGET_NAME)";
				TEST_HOST = "$(BUILT_PRODUCTS_DIR)/TTCoreTextDemo.app/TTCoreTextDemo";
			};
			name = Release;
		};
		A5A802F81D7E7130009F9121 /* Debug */ = {
			isa = XCBuildConfiguration;
			buildSettings = {
				INFOPLIST_FILE = TTCoreTextDemoUITests/Info.plist;
				LD_RUNPATH_SEARCH_PATHS = "$(inherited) @executable_path/Frameworks @loader_path/Frameworks";
				PRODUCT_BUNDLE_IDENTIFIER = TTL.TTCoreTextDemoUITests;
				PRODUCT_NAME = "$(TARGET_NAME)";
				TEST_TARGET_NAME = TTCoreTextDemo;
			};
			name = Debug;
		};
		A5A802F91D7E7130009F9121 /* Release */ = {
			isa = XCBuildConfiguration;
			buildSettings = {
				INFOPLIST_FILE = TTCoreTextDemoUITests/Info.plist;
				LD_RUNPATH_SEARCH_PATHS = "$(inherited) @executable_path/Frameworks @loader_path/Frameworks";
				PRODUCT_BUNDLE_IDENTIFIER = TTL.TTCoreTextDemoUITests;
				PRODUCT_NAME = "$(TARGET_NAME)";
				TEST_TARGET_NAME = TTCoreTextDemo;
			};
			name = Release;
		};
/* End XCBuildConfiguration section */

/* Begin XCConfigurationList section */
		A5A802BF1D7E712F009F9121 /* Build configuration list for PBXProject "TTCoreTextDemo" */ = {
			isa = XCConfigurationList;
			buildConfigurations = (
				A5A802EF1D7E7130009F9121 /* Debug */,
				A5A802F01D7E7130009F9121 /* Release */,
			);
			defaultConfigurationIsVisible = 0;
			defaultConfigurationName = Release;
		};
		A5A802F11D7E7130009F9121 /* Build configuration list for PBXNativeTarget "TTCoreTextDemo" */ = {
			isa = XCConfigurationList;
			buildConfigurations = (
				A5A802F21D7E7130009F9121 /* Debug */,
				A5A802F31D7E7130009F9121 /* Release */,
			);
			defaultConfigurationIsVisible = 0;
		};
		A5A802F41D7E7130009F9121 /* Build configuration list for PBXNativeTarget "TTCoreTextDemoTests" */ = {
			isa = XCConfigurationList;
			buildConfigurations = (
				A5A802F51D7E7130009F9121 /* Debug */,
				A5A802F61D7E7130009F9121 /* Release */,
			);
			defaultConfigurationIsVisible = 0;
		};
		A5A802F71D7E7130009F9121 /* Build configuration list for PBXNativeTarget "TTCoreTextDemoUITests" */ = {
			isa = XCConfigurationList;
			buildConfigurations = (
				A5A802F81D7E7130009F9121 /* Debug */,
				A5A802F91D7E7130009F9121 /* Release */,
			);
			defaultConfigurationIsVisible = 0;
		};
/* End XCConfigurationList section */
	};
	rootObject = A5A802BC1D7E712F009F9121 /* Project object */;
}
